<?xml version="1.0" encoding="utf-8"?>
<Project ToolsVersion="4.0" xmlns="http://schemas.microsoft.com/developer/msbuild/2003">
  <ItemGroup>
    <ClCompile Include="src\main.cpp">
      <Filter>src</Filter>
    </ClCompile>
    <ClCompile Include="src\core\Color.cpp">
      <Filter>src\Core</Filter>
    </ClCompile>
    <ClCompile Include="src\VertexBuffer\VertexBuffer.cpp">
      <Filter>src\VertexBuffer</Filter>
    </ClCompile>
    <ClCompile Include="src\VertexBuffer\VertexBufferManager.cpp">
      <Filter>src\VertexBuffer</Filter>
    </ClCompile>
    <ClCompile Include="src\Shader\Shader.cpp">
      <Filter>src\Shader</Filter>
    </ClCompile>
    <ClCompile Include="src\Shader\ShaderProgram.cpp">
      <Filter>src\Shader</Filter>
    </ClCompile>
    <ClCompile Include="src\Shader\ShaderProgramManager.cpp">
      <Filter>src\Shader</Filter>
    </ClCompile>
    <ClCompile Include="src\Graphics\Transform.cpp">
      <Filter>src\Graphics</Filter>
    </ClCompile>
    <ClCompile Include="src\Graphics\Renderer.cpp">
      <Filter>src\Graphics</Filter>
    </ClCompile>
    <ClCompile Include="src\Graphics\Renderable.cpp">
      <Filter>src\Graphics</Filter>
    </ClCompile>
    <ClCompile Include="src\Graphics\Light.cpp">
      <Filter>src\Graphics</Filter>
    </ClCompile>
    <ClCompile Include="src\Graphics\Camera.cpp">
      <Filter>src\Graphics</Filter>
    </ClCompile>
    <ClCompile Include="src\Core\Clock.cpp">
      <Filter>src\Core</Filter>
    </ClCompile>
    <ClCompile Include="src\Core\ServiceLocator.cpp">
      <Filter>src\Core</Filter>
    </ClCompile>
    <ClCompile Include="src\Scene\WhiteCube.cpp">
      <Filter>src\Scene</Filter>
    </ClCompile>
    <ClCompile Include="src\Scene\SceneNode.cpp">
      <Filter>src\Scene</Filter>
    </ClCompile>
    <ClCompile Include="externals\imgui\imgui.cpp">
      <Filter>externals\imgui</Filter>
    </ClCompile>
    <ClCompile Include="externals\imgui\imgui_demo.cpp">
      <Filter>externals\imgui</Filter>
    </ClCompile>
    <ClCompile Include="externals\imgui\imgui_draw.cpp">
      <Filter>externals\imgui</Filter>
    </ClCompile>
    <ClCompile Include="externals\imgui\imgui_impl_glfw_gl3.cpp">
      <Filter>externals\imgui</Filter>
    </ClCompile>
    <ClCompile Include="src\Scene\Scene.cpp">
      <Filter>src\Scene</Filter>
    </ClCompile>
    <ClCompile Include="src\Input\InputManager.cpp">
      <Filter>src\Input</Filter>
    </ClCompile>
    <ClCompile Include="src\Texture\TextureManager.cpp">
      <Filter>src\Texture</Filter>
    </ClCompile>
    <ClCompile Include="src\Texture\GLTexture.cpp">
      <Filter>src\Texture</Filter>
    </ClCompile>
    <ClCompile Include="src\Scene\MinecraftCube.cpp">
      <Filter>src\Scene</Filter>
    </ClCompile>
  </ItemGroup>
  <ItemGroup>
    <ClInclude Include="src\core\Color.h">
      <Filter>src\Core</Filter>
    </ClInclude>
    <ClInclude Include="src\VertexBuffer\VertexBuffer.h">
      <Filter>src\VertexBuffer</Filter>
    </ClInclude>
    <ClInclude Include="src\VertexBuffer\VertexBufferData.h">
      <Filter>src\VertexBuffer</Filter>
    </ClInclude>
    <ClInclude Include="src\VertexBuffer\VertexBufferManager.h">
      <Filter>src\VertexBuffer</Filter>
    </ClInclude>
    <ClInclude Include="src\Shader\Shader.h">
      <Filter>src\Shader</Filter>
    </ClInclude>
    <ClInclude Include="src\Shader\ShaderProgram.h">
      <Filter>src\Shader</Filter>
    </ClInclude>
    <ClInclude Include="src\Shader\ShaderProgramManager.h">
      <Filter>src\Shader</Filter>
    </ClInclude>
    <ClInclude Include="src\Graphics\Transform.h">
      <Filter>src\Graphics</Filter>
    </ClInclude>
    <ClInclude Include="src\Graphics\Renderer.h">
      <Filter>src\Graphics</Filter>
    </ClInclude>
    <ClInclude Include="src\Graphics\Renderable.h">
      <Filter>src\Graphics</Filter>
    </ClInclude>
    <ClInclude Include="src\Graphics\Light.h">
      <Filter>src\Graphics</Filter>
    </ClInclude>
    <ClInclude Include="src\Graphics\Camera.h">
      <Filter>src\Graphics</Filter>
    </ClInclude>
    <ClInclude Include="src\Core\Clock.h">
      <Filter>src\Core</Filter>
    </ClInclude>
    <ClInclude Include="src\Core\ServiceLocator.h">
      <Filter>src\Core</Filter>
    </ClInclude>
    <ClInclude Include="src\Scene\WhiteCube.h">
      <Filter>src\Scene</Filter>
    </ClInclude>
    <ClInclude Include="src\Scene\SceneNode.h">
      <Filter>src\Scene</Filter>
    </ClInclude>
    <ClInclude Include="externals\imgui\imconfig.h">
      <Filter>externals\imgui</Filter>
    </ClInclude>
    <ClInclude Include="externals\imgui\imgui.h">
      <Filter>externals\imgui</Filter>
    </ClInclude>
    <ClInclude Include="externals\imgui\stb_rect_pack.h">
      <Filter>externals\imgui</Filter>
    </ClInclude>
    <ClInclude Include="externals\imgui\stb_textedit.h">
      <Filter>externals\imgui</Filter>
    </ClInclude>
    <ClInclude Include="externals\imgui\stb_truetype.h">
      <Filter>externals\imgui</Filter>
    </ClInclude>
    <ClInclude Include="externals\imgui\imgui_internal.h">
      <Filter>externals\imgui</Filter>
    </ClInclude>
    <ClInclude Include="externals\imgui\imgui_impl_glfw_gl3.h">
      <Filter>externals\imgui</Filter>
    </ClInclude>
    <ClInclude Include="src\Scene\Scene.h">
      <Filter>src\Scene</Filter>
    </ClInclude>
    <ClInclude Include="src\Input\InputManager.h">
      <Filter>src\Input</Filter>
    </ClInclude>
    <ClInclude Include="externals\stb\stb_image.h">
      <Filter>externals\stb</Filter>
    </ClInclude>
    <ClInclude Include="src\Texture\TextureManager.h">
      <Filter>src\Texture</Filter>
    </ClInclude>
    <ClInclude Include="src\Texture\GLTexture.h">
      <Filter>src\Texture</Filter>
    </ClInclude>
    <ClInclude Include="src\Scene\MinecraftCube.h">
      <Filter>src\Scene</Filter>
    </ClInclude>
  </ItemGroup>
  <ItemGroup>
    <Filter Include="src">
      <UniqueIdentifier>{bde29b1b-d83c-4c63-94e0-6e19a7e8d39f}</UniqueIdentifier>
    </Filter>
    <Filter Include="data">
      <UniqueIdentifier>{1ac14bd8-aae3-4dcc-82cb-a3df71426648}</UniqueIdentifier>
    </Filter>
    <Filter Include="src\VertexBuffer">
      <UniqueIdentifier>{581e87f0-d568-4016-9c47-13feb2a7cce5}</UniqueIdentifier>
    </Filter>
    <Filter Include="src\Shader">
      <UniqueIdentifier>{d392d161-96f5-4d5c-a2e2-334e5c6e15bd}</UniqueIdentifier>
    </Filter>
    <Filter Include="src\Core">
      <UniqueIdentifier>{bf248384-b9a1-4fa8-8a3e-1226ca47ef4f}</UniqueIdentifier>
    </Filter>
    <Filter Include="data\Shader">
      <UniqueIdentifier>{98a66338-109f-466f-81c7-3469f596b951}</UniqueIdentifier>
    </Filter>
    <Filter Include="src\Graphics">
      <UniqueIdentifier>{22206e7c-7bc2-4f43-b806-866a37eb7d80}</UniqueIdentifier>
    </Filter>
    <Filter Include="src\Scene">
      <UniqueIdentifier>{cc924c83-c878-4b6c-9613-ac6d6402780a}</UniqueIdentifier>
    </Filter>
    <Filter Include="externals">
      <UniqueIdentifier>{830ac518-5631-49a7-b1b0-35b3a878023a}</UniqueIdentifier>
    </Filter>
    <Filter Include="externals\imgui">
      <UniqueIdentifier>{6e124234-0817-4842-a03c-2999ffdb115d}</UniqueIdentifier>
    </Filter>
    <Filter Include="src\Input">
      <UniqueIdentifier>{f947bf5b-0fc7-40fb-9d25-c949e1e40765}</UniqueIdentifier>
    </Filter>
    <Filter Include="externals\stb">
      <UniqueIdentifier>{3f7fe0a4-71f8-4c36-b8a4-baeb08bfafc0}</UniqueIdentifier>
    </Filter>
    <Filter Include="src\Texture">
      <UniqueIdentifier>{3c40f841-21c5-492e-8198-f6c32ac0e78d}</UniqueIdentifier>
    </Filter>
    <Filter Include="data\Texture">
      <UniqueIdentifier>{8974da41-0b8e-49e8-aa6f-25d8fab6473a}</UniqueIdentifier>
    </Filter>
  </ItemGroup>
  <ItemGroup>
    <None Include="data\shader\BasicPhong.frag">
      <Filter>data\Shader</Filter>
    </None>
    <None Include="data\shader\BasicPhong.vert">
      <Filter>data\Shader</Filter>
    </None>
    <None Include="data\shader\FlatColor.frag">
      <Filter>data\Shader</Filter>
    </None>
    <None Include="data\shader\FlatColor.vert">
      <Filter>data\Shader</Filter>
    </None>
    <None Include="data\Shader\BasicDiffuse.frag">
      <Filter>data\Shader</Filter>
    </None>
    <None Include="data\Shader\BasicDiffuse.vert">
      <Filter>data\Shader</Filter>
    </None>
  </ItemGroup>
  <ItemGroup>
    <Image Include="data\Texture\MinecraftCube.png">
      <Filter>data\Texture</Filter>
    </Image>
  </ItemGroup>
</Project>